
Microsoft Visual Studio Solution File, Format Version 12.00
# Visual Studio Version 16
VisualStudioVersion = 16.0.30523.141
MinimumVisualStudioVersion = 10.0.40219.1
Project("{2150E333-8FDC-42A3-9474-1A3956D46DE8}") = "Web", "Web", "{E389DEB6-5F90-444B-A054-12A10D39C76F}"
EndProject
Project("{9A19103F-16F7-4668-BE54-9A1E7A4F7556}") = "CookingHub.Web", "Web\CookingHub.Web\CookingHub.Web.csproj", "{B90D1067-FE4C-400E-BA78-5413E30AB9ED}"
EndProject
Project("{2150E333-8FDC-42A3-9474-1A3956D46DE8}") = "Data", "Data", "{ACBE44C4-E198-45E2-BA02-6655250A0006}"
EndProject
Project("{9A19103F-16F7-4668-BE54-9A1E7A4F7556}") = "CookingHub.Data.Models", "Data\CookingHub.Data.Models\CookingHub.Data.Models.csproj", "{E9FDB52F-52DC-48B2-86E1-0176377BB53F}"
EndProject
Project("{2150E333-8FDC-42A3-9474-1A3956D46DE8}") = "Services", "Services", "{516E002B-9E6E-4456-B7F6-EAA353966DE6}"
EndProject
Project("{2150E333-8FDC-42A3-9474-1A3956D46DE8}") = "Tests", "Tests", "{7A731632-6714-44E2-A9E4-069EBA9E666C}"
EndProject
Project("{9A19103F-16F7-4668-BE54-9A1E7A4F7556}") = "CookingHub.Services.Messaging", "Services\CookingHub.Services.Messaging\CookingHub.Services.Messaging.csproj", "{43FDC0C4-F250-45DE-93F8-3CA8A9247CC9}"
EndProject
Project("{9A19103F-16F7-4668-BE54-9A1E7A4F7556}") = "CookingHub.Data", "Data\CookingHub.Data\CookingHub.Data.csproj", "{4B844ECB-E845-49A6-8B31-85E577933598}"
EndProject
Project("{9A19103F-16F7-4668-BE54-9A1E7A4F7556}") = "CookingHub.Data.Common", "Data\CookingHub.Data.Common\CookingHub.Data.Common.csproj", "{D0D59508-CF8B-4656-A344-396C530BB9DF}"
EndProject
Project("{9A19103F-16F7-4668-BE54-9A1E7A4F7556}") = "CookingHub.Services.Data", "Services\CookingHub.Services.Data\CookingHub.Services.Data.csproj", "{4D39C126-3FB5-4B26-B08C-1BF48EFFA23E}"
EndProject
Project("{9A19103F-16F7-4668-BE54-9A1E7A4F7556}") = "CookingHub.Services.Mapping", "Services\CookingHub.Services.Mapping\CookingHub.Services.Mapping.csproj", "{415FD7FA-0453-4FE1-9A29-C6E1D8B45C3D}"
EndProject
Project("{9A19103F-16F7-4668-BE54-9A1E7A4F7556}") = "CookingHub.Services.Data.Tests", "Tests\CookingHub.Services.Data.Tests\CookingHub.Services.Data.Tests.csproj", "{901AB2DA-6E52-4FB2-91F0-58EB0115F2F7}"
EndProject
Project("{2150E333-8FDC-42A3-9474-1A3956D46DE8}") = "Models", "Models", "{7FC7508A-08E6-4B76-9B03-470216F0A3B4}"
EndProject
Project("{9A19103F-16F7-4668-BE54-9A1E7A4F7556}") = "CookingHub.Models.Common", "Models\CookingHub.Models.Common\CookingHub.Models.Common.csproj", "{1932C647-08B4-4DB3-84CC-0433D71278C5}"
EndProject
Project("{9A19103F-16F7-4668-BE54-9A1E7A4F7556}") = "CookingHub.Models.ViewModels", "Models\CookingHub.Models.ViewModels\CookingHub.Models.ViewModels.csproj", "{8647DA8B-4273-499A-8F83-8E5D5F9BE8CD}"
EndProject
Project("{9A19103F-16F7-4668-BE54-9A1E7A4F7556}") = "CookingHub.Common", "CookingHub.Common\CookingHub.Common.csproj", "{845F12E8-D494-42A8-900B-AB6C9289C885}"
EndProject
Project("{9A19103F-16F7-4668-BE54-9A1E7A4F7556}") = "CookingHub.Models.InputModels", "Models\CookingHub.Models.InputModels\CookingHub.Models.InputModels.csproj", "{6D75DCCE-84D9-49ED-9306-F07E73C84B08}"
EndProject
Project("{FAE04EC0-301F-11D3-BF4B-00C04F79EFBC}") = "CookingHub.Web.Tests", "Tests\CookingHub.Web.Tests\CookingHub.Web.Tests.csproj", "{81332484-09EF-403C-BDA6-2CC96CB34F8D}"
EndProject
Global
	GlobalSection(SolutionConfigurationPlatforms) = preSolution
		Debug|Any CPU = Debug|Any CPU
		Release|Any CPU = Release|Any CPU
	EndGlobalSection
	GlobalSection(ProjectConfigurationPlatforms) = postSolution
		{B90D1067-FE4C-400E-BA78-5413E30AB9ED}.Debug|Any CPU.ActiveCfg = Debug|Any CPU
		{B90D1067-FE4C-400E-BA78-5413E30AB9ED}.Debug|Any CPU.Build.0 = Debug|Any CPU
		{B90D1067-FE4C-400E-BA78-5413E30AB9ED}.Release|Any CPU.ActiveCfg = Release|Any CPU
		{B90D1067-FE4C-400E-BA78-5413E30AB9ED}.Release|Any CPU.Build.0 = Release|Any CPU
		{E9FDB52F-52DC-48B2-86E1-0176377BB53F}.Debug|Any CPU.ActiveCfg = Debug|Any CPU
		{E9FDB52F-52DC-48B2-86E1-0176377BB53F}.Debug|Any CPU.Build.0 = Debug|Any CPU
		{E9FDB52F-52DC-48B2-86E1-0176377BB53F}.Release|Any CPU.ActiveCfg = Release|Any CPU
		{E9FDB52F-52DC-48B2-86E1-0176377BB53F}.Release|Any CPU.Build.0 = Release|Any CPU
		{43FDC0C4-F250-45DE-93F8-3CA8A9247CC9}.Debug|Any CPU.ActiveCfg = Debug|Any CPU
		{43FDC0C4-F250-45DE-93F8-3CA8A9247CC9}.Debug|Any CPU.Build.0 = Debug|Any CPU
		{43FDC0C4-F250-45DE-93F8-3CA8A9247CC9}.Release|Any CPU.ActiveCfg = Release|Any CPU
		{43FDC0C4-F250-45DE-93F8-3CA8A9247CC9}.Release|Any CPU.Build.0 = Release|Any CPU
		{4B844ECB-E845-49A6-8B31-85E577933598}.Debug|Any CPU.ActiveCfg = Debug|Any CPU
		{4B844ECB-E845-49A6-8B31-85E577933598}.Debug|Any CPU.Build.0 = Debug|Any CPU
		{4B844ECB-E845-49A6-8B31-85E577933598}.Release|Any CPU.ActiveCfg = Release|Any CPU
		{4B844ECB-E845-49A6-8B31-85E577933598}.Release|Any CPU.Build.0 = Release|Any CPU
		{D0D59508-CF8B-4656-A344-396C530BB9DF}.Debug|Any CPU.ActiveCfg = Debug|Any CPU
		{D0D59508-CF8B-4656-A344-396C530BB9DF}.Debug|Any CPU.Build.0 = Debug|Any CPU
		{D0D59508-CF8B-4656-A344-396C530BB9DF}.Release|Any CPU.ActiveCfg = Release|Any CPU
		{D0D59508-CF8B-4656-A344-396C530BB9DF}.Release|Any CPU.Build.0 = Release|Any CPU
		{4D39C126-3FB5-4B26-B08C-1BF48EFFA23E}.Debug|Any CPU.ActiveCfg = Debug|Any CPU
		{4D39C126-3FB5-4B26-B08C-1BF48EFFA23E}.Debug|Any CPU.Build.0 = Debug|Any CPU
		{4D39C126-3FB5-4B26-B08C-1BF48EFFA23E}.Release|Any CPU.ActiveCfg = Release|Any CPU
		{4D39C126-3FB5-4B26-B08C-1BF48EFFA23E}.Release|Any CPU.Build.0 = Release|Any CPU
		{415FD7FA-0453-4FE1-9A29-C6E1D8B45C3D}.Debug|Any CPU.ActiveCfg = Debug|Any CPU
		{415FD7FA-0453-4FE1-9A29-C6E1D8B45C3D}.Debug|Any CPU.Build.0 = Debug|Any CPU
		{415FD7FA-0453-4FE1-9A29-C6E1D8B45C3D}.Release|Any CPU.ActiveCfg = Release|Any CPU
		{415FD7FA-0453-4FE1-9A29-C6E1D8B45C3D}.Release|Any CPU.Build.0 = Release|Any CPU
		{901AB2DA-6E52-4FB2-91F0-58EB0115F2F7}.Debug|Any CPU.ActiveCfg = Debug|Any CPU
		{901AB2DA-6E52-4FB2-91F0-58EB0115F2F7}.Debug|Any CPU.Build.0 = Debug|Any CPU
		{901AB2DA-6E52-4FB2-91F0-58EB0115F2F7}.Release|Any CPU.ActiveCfg = Release|Any CPU
		{901AB2DA-6E52-4FB2-91F0-58EB0115F2F7}.Release|Any CPU.Build.0 = Release|Any CPU
		{1932C647-08B4-4DB3-84CC-0433D71278C5}.Debug|Any CPU.ActiveCfg = Debug|Any CPU
		{1932C647-08B4-4DB3-84CC-0433D71278C5}.Debug|Any CPU.Build.0 = Debug|Any CPU
		{1932C647-08B4-4DB3-84CC-0433D71278C5}.Release|Any CPU.ActiveCfg = Release|Any CPU
		{1932C647-08B4-4DB3-84CC-0433D71278C5}.Release|Any CPU.Build.0 = Release|Any CPU
		{8647DA8B-4273-499A-8F83-8E5D5F9BE8CD}.Debug|Any CPU.ActiveCfg = Debug|Any CPU
		{8647DA8B-4273-499A-8F83-8E5D5F9BE8CD}.Debug|Any CPU.Build.0 = Debug|Any CPU
		{8647DA8B-4273-499A-8F83-8E5D5F9BE8CD}.Release|Any CPU.ActiveCfg = Release|Any CPU
		{8647DA8B-4273-499A-8F83-8E5D5F9BE8CD}.Release|Any CPU.Build.0 = Release|Any CPU
		{845F12E8-D494-42A8-900B-AB6C9289C885}.Debug|Any CPU.ActiveCfg = Debug|Any CPU
		{845F12E8-D494-42A8-900B-AB6C9289C885}.Debug|Any CPU.Build.0 = Debug|Any CPU
		{845F12E8-D494-42A8-900B-AB6C9289C885}.Release|Any CPU.ActiveCfg = Release|Any CPU
		{845F12E8-D494-42A8-900B-AB6C9289C885}.Release|Any CPU.Build.0 = Release|Any CPU
		{6D75DCCE-84D9-49ED-9306-F07E73C84B08}.Debug|Any CPU.ActiveCfg = Debug|Any CPU
		{6D75DCCE-84D9-49ED-9306-F07E73C84B08}.Debug|Any CPU.Build.0 = Debug|Any CPU
		{6D75DCCE-84D9-49ED-9306-F07E73C84B08}.Release|Any CPU.ActiveCfg = Release|Any CPU
		{6D75DCCE-84D9-49ED-9306-F07E73C84B08}.Release|Any CPU.Build.0 = Release|Any CPU
		{81332484-09EF-403C-BDA6-2CC96CB34F8D}.Debug|Any CPU.ActiveCfg = Debug|Any CPU
		{81332484-09EF-403C-BDA6-2CC96CB34F8D}.Debug|Any CPU.Build.0 = Debug|Any CPU
		{81332484-09EF-403C-BDA6-2CC96CB34F8D}.Release|Any CPU.ActiveCfg = Release|Any CPU
		{81332484-09EF-403C-BDA6-2CC96CB34F8D}.Release|Any CPU.Build.0 = Release|Any CPU
	EndGlobalSection
	GlobalSection(SolutionProperties) = preSolution
		HideSolutionNode = FALSE
	EndGlobalSection
	GlobalSection(NestedProjects) = preSolution
		{B90D1067-FE4C-400E-BA78-5413E30AB9ED} = {E389DEB6-5F90-444B-A054-12A10D39C76F}
		{E9FDB52F-52DC-48B2-86E1-0176377BB53F} = {ACBE44C4-E198-45E2-BA02-6655250A0006}
		{43FDC0C4-F250-45DE-93F8-3CA8A9247CC9} = {516E002B-9E6E-4456-B7F6-EAA353966DE6}
		{4B844ECB-E845-49A6-8B31-85E577933598} = {ACBE44C4-E198-45E2-BA02-6655250A0006}
		{D0D59508-CF8B-4656-A344-396C530BB9DF} = {ACBE44C4-E198-45E2-BA02-6655250A0006}
		{4D39C126-3FB5-4B26-B08C-1BF48EFFA23E} = {516E002B-9E6E-4456-B7F6-EAA353966DE6}
		{415FD7FA-0453-4FE1-9A29-C6E1D8B45C3D} = {516E002B-9E6E-4456-B7F6-EAA353966DE6}
		{901AB2DA-6E52-4FB2-91F0-58EB0115F2F7} = {7A731632-6714-44E2-A9E4-069EBA9E666C}
		{1932C647-08B4-4DB3-84CC-0433D71278C5} = {7FC7508A-08E6-4B76-9B03-470216F0A3B4}
		{8647DA8B-4273-499A-8F83-8E5D5F9BE8CD} = {7FC7508A-08E6-4B76-9B03-470216F0A3B4}
		{6D75DCCE-84D9-49ED-9306-F07E73C84B08} = {7FC7508A-08E6-4B76-9B03-470216F0A3B4}
		{81332484-09EF-403C-BDA6-2CC96CB34F8D} = {7A731632-6714-44E2-A9E4-069EBA9E666C}
	EndGlobalSection
	GlobalSection(ExtensibilityGlobals) = postSolution
		SolutionGuid = {384484BE-4680-4529-9CC2-AD37BA4D12D1}
	EndGlobalSection
EndGlobal
